<?xml version="1.0" encoding="utf-8"?>
<Project ToolsVersion="4.0" xmlns="http://schemas.microsoft.com/developer/msbuild/2003">
  <ItemGroup>
    <Filter Include="ImageProcess">
      <UniqueIdentifier>{fd01ec2f-2e2d-4fd7-ac4f-62415a665358}</UniqueIdentifier>
    </Filter>
  </ItemGroup>
  <ItemGroup>
    <ClCompile Include="Excute.cpp" />
    <ClCompile Include="ImageProcess\ImageProcessor.cpp">
      <Filter>ImageProcess</Filter>
    </ClCompile>
  </ItemGroup>
  <ItemGroup>
    <ClInclude Include="ImageProcess\ImageProcessor.h">
      <Filter>ImageProcess</Filter>
    </ClInclude>
  </ItemGroup>
</Project>